github.com/janraasch/hugo-bearblog v0.0.0-20230315152638-5fc1e03a7af2 h1:MKUv1AnrxuavzDHD0M0+gw6G9Ti3wa+HYxF/AOydXUU=
github.com/janraasch/hugo-bearblog v0.0.0-20230315152638-5fc1e03a7af2/go.mod h1:qVJ3S3qhkRf6smf5f8vveeV/QX3ui8poHckF6Ykt9AU=
github.com/panr/hugo-theme-terminal v2.1.0+incompatible h1:oSqo5Q4lWiIcBDFaASgrCEdXaEtH43foBd/ti21MEGE=
github.com/panr/hugo-theme-terminal v2.1.0+incompatible/go.mod h1:kiO0NHUXPNrG6BFRlat5jc078p3e1f2sLlpt0a23MEY=
